
Microsoft Visual Studio Solution File, Format Version 12.00
# Visual Studio Version 16
VisualStudioVersion = 16.0.31105.61
MinimumVisualStudioVersion = 10.0.40219.1
Project("{9A19103F-16F7-4668-BE54-9A1E7A4F7556}") = "LocadoraDeVeiculos.WindowsApp", "LocadoraDeVeiculos.WindowsApp\LocadoraDeVeiculos.WindowsApp.csproj", "{8427D6A0-2FF3-4DF6-81D7-7015CE22DA56}"
EndProject
Project("{9A19103F-16F7-4668-BE54-9A1E7A4F7556}") = "LocadoraDeVeiculos.Tests", "LocadoraDeVeiculos.Tests\LocadoraDeVeiculos.Tests.csproj", "{5DEF9302-2DDF-456E-92E0-09774B401F45}"
EndProject
Project("{00D1A9C2-B5F0-4AF3-8072-F6C62B433612}") = "LocadoraDeVeiculos.SqlServer", "LocadoraDeVeiculos.SqlServer\LocadoraDeVeiculos.SqlServer.sqlproj", "{22C0B170-9B97-4D20-B23B-3810DD8B9260}"
EndProject
Project("{2150E333-8FDC-42A3-9474-1A3956D46DE8}") = "src", "src", "{64FE4CE7-CB4E-44D2-86D3-4214491988B4}"
EndProject
Project("{2150E333-8FDC-42A3-9474-1A3956D46DE8}") = "tests", "tests", "{B5FF9914-940C-4669-9210-678F28FAD18D}"
EndProject
Project("{9A19103F-16F7-4668-BE54-9A1E7A4F7556}") = "LocadoraDeVeiculos.Dominio", "LocadoraDeVeiculos.Dominio\LocadoraDeVeiculos.Dominio.csproj", "{145CEEA3-4780-4B45-B114-4AE321DF2572}"
EndProject
Project("{2150E333-8FDC-42A3-9474-1A3956D46DE8}") = "3 - Camada de Dominio", "3 - Camada de Dominio", "{4DFD1954-6A6E-4248-BAFE-E7012C37936A}"
EndProject
Project("{2150E333-8FDC-42A3-9474-1A3956D46DE8}") = "1 - Camada de Apresentacao", "1 - Camada de Apresentacao", "{BA070A21-DDB0-46E3-9003-EFEFA613FA37}"
EndProject
Project("{2150E333-8FDC-42A3-9474-1A3956D46DE8}") = "2 - Camada de Aplicacao", "2 - Camada de Aplicacao", "{2B4C22C6-37D3-4A4F-BD40-A4EC504EB8CF}"
EndProject
Project("{2150E333-8FDC-42A3-9474-1A3956D46DE8}") = "4 - Camada de Infra", "4 - Camada de Infra", "{7AB9AE2E-9F55-4449-A48F-2C16DA0F556D}"
EndProject
Project("{9A19103F-16F7-4668-BE54-9A1E7A4F7556}") = "LocadoraDeVeiculos.Infra.SQL", "LocadoraDeVeiculos.Infra.SQL\LocadoraDeVeiculos.Infra.SQL.csproj", "{5529D42A-2101-436A-9FB6-A4B78EA095A3}"
EndProject
Project("{2150E333-8FDC-42A3-9474-1A3956D46DE8}") = "4.1 - DAO", "4.1 - DAO", "{CC49BAF6-E30F-4B94-835A-024D7DCE3ABA}"
EndProject
Project("{2150E333-8FDC-42A3-9474-1A3956D46DE8}") = "4.2 - External Services", "4.2 - External Services", "{6600A54C-4477-44F8-8DA4-6C18C2C9FFC0}"
EndProject
Project("{2150E333-8FDC-42A3-9474-1A3956D46DE8}") = "4.3 - PDF", "4.3 - PDF", "{48E5EC59-4DE1-4F0E-80CB-C958D29A8C3F}"
EndProject
Project("{FAE04EC0-301F-11D3-BF4B-00C04F79EFBC}") = "LocadoraDeVeiculos.Infra.Pdf", "LocadoraDeVeiculos.Infra.Pdf\LocadoraDeVeiculos.Infra.Pdf.csproj", "{7A2CC876-A64C-4812-8161-3704EF86FB85}"
EndProject
Project("{FAE04EC0-301F-11D3-BF4B-00C04F79EFBC}") = "LocadoraDeVeiculos.Infra.InternetServices", "LocadoraDeVeiculos.Infra.InternetServices\LocadoraDeVeiculos.Infra.InternetServices.csproj", "{62A05090-9503-45EC-9FE0-4D43A2331111}"
EndProject
Global
	GlobalSection(SolutionConfigurationPlatforms) = preSolution
		Debug|Any CPU = Debug|Any CPU
		Release|Any CPU = Release|Any CPU
	EndGlobalSection
	GlobalSection(ProjectConfigurationPlatforms) = postSolution
		{8427D6A0-2FF3-4DF6-81D7-7015CE22DA56}.Debug|Any CPU.ActiveCfg = Debug|Any CPU
		{8427D6A0-2FF3-4DF6-81D7-7015CE22DA56}.Debug|Any CPU.Build.0 = Debug|Any CPU
		{8427D6A0-2FF3-4DF6-81D7-7015CE22DA56}.Release|Any CPU.ActiveCfg = Release|Any CPU
		{8427D6A0-2FF3-4DF6-81D7-7015CE22DA56}.Release|Any CPU.Build.0 = Release|Any CPU
		{5DEF9302-2DDF-456E-92E0-09774B401F45}.Debug|Any CPU.ActiveCfg = Debug|Any CPU
		{5DEF9302-2DDF-456E-92E0-09774B401F45}.Debug|Any CPU.Build.0 = Debug|Any CPU
		{5DEF9302-2DDF-456E-92E0-09774B401F45}.Release|Any CPU.ActiveCfg = Release|Any CPU
		{5DEF9302-2DDF-456E-92E0-09774B401F45}.Release|Any CPU.Build.0 = Release|Any CPU
		{22C0B170-9B97-4D20-B23B-3810DD8B9260}.Debug|Any CPU.ActiveCfg = Debug|Any CPU
		{22C0B170-9B97-4D20-B23B-3810DD8B9260}.Debug|Any CPU.Build.0 = Debug|Any CPU
		{22C0B170-9B97-4D20-B23B-3810DD8B9260}.Debug|Any CPU.Deploy.0 = Debug|Any CPU
		{22C0B170-9B97-4D20-B23B-3810DD8B9260}.Release|Any CPU.ActiveCfg = Release|Any CPU
		{22C0B170-9B97-4D20-B23B-3810DD8B9260}.Release|Any CPU.Build.0 = Release|Any CPU
		{22C0B170-9B97-4D20-B23B-3810DD8B9260}.Release|Any CPU.Deploy.0 = Release|Any CPU
		{145CEEA3-4780-4B45-B114-4AE321DF2572}.Debug|Any CPU.ActiveCfg = Debug|Any CPU
		{145CEEA3-4780-4B45-B114-4AE321DF2572}.Debug|Any CPU.Build.0 = Debug|Any CPU
		{145CEEA3-4780-4B45-B114-4AE321DF2572}.Release|Any CPU.ActiveCfg = Release|Any CPU
		{145CEEA3-4780-4B45-B114-4AE321DF2572}.Release|Any CPU.Build.0 = Release|Any CPU
		{5529D42A-2101-436A-9FB6-A4B78EA095A3}.Debug|Any CPU.ActiveCfg = Debug|Any CPU
		{5529D42A-2101-436A-9FB6-A4B78EA095A3}.Debug|Any CPU.Build.0 = Debug|Any CPU
		{5529D42A-2101-436A-9FB6-A4B78EA095A3}.Release|Any CPU.ActiveCfg = Release|Any CPU
		{5529D42A-2101-436A-9FB6-A4B78EA095A3}.Release|Any CPU.Build.0 = Release|Any CPU
		{7A2CC876-A64C-4812-8161-3704EF86FB85}.Debug|Any CPU.ActiveCfg = Debug|Any CPU
		{7A2CC876-A64C-4812-8161-3704EF86FB85}.Debug|Any CPU.Build.0 = Debug|Any CPU
		{7A2CC876-A64C-4812-8161-3704EF86FB85}.Release|Any CPU.ActiveCfg = Release|Any CPU
		{7A2CC876-A64C-4812-8161-3704EF86FB85}.Release|Any CPU.Build.0 = Release|Any CPU
		{62A05090-9503-45EC-9FE0-4D43A2331111}.Debug|Any CPU.ActiveCfg = Debug|Any CPU
		{62A05090-9503-45EC-9FE0-4D43A2331111}.Debug|Any CPU.Build.0 = Debug|Any CPU
		{62A05090-9503-45EC-9FE0-4D43A2331111}.Release|Any CPU.ActiveCfg = Release|Any CPU
		{62A05090-9503-45EC-9FE0-4D43A2331111}.Release|Any CPU.Build.0 = Release|Any CPU
	EndGlobalSection
	GlobalSection(SolutionProperties) = preSolution
		HideSolutionNode = FALSE
	EndGlobalSection
	GlobalSection(NestedProjects) = preSolution
		{8427D6A0-2FF3-4DF6-81D7-7015CE22DA56} = {BA070A21-DDB0-46E3-9003-EFEFA613FA37}
		{5DEF9302-2DDF-456E-92E0-09774B401F45} = {B5FF9914-940C-4669-9210-678F28FAD18D}
		{22C0B170-9B97-4D20-B23B-3810DD8B9260} = {64FE4CE7-CB4E-44D2-86D3-4214491988B4}
		{145CEEA3-4780-4B45-B114-4AE321DF2572} = {4DFD1954-6A6E-4248-BAFE-E7012C37936A}
		{5529D42A-2101-436A-9FB6-A4B78EA095A3} = {CC49BAF6-E30F-4B94-835A-024D7DCE3ABA}
		{CC49BAF6-E30F-4B94-835A-024D7DCE3ABA} = {7AB9AE2E-9F55-4449-A48F-2C16DA0F556D}
		{6600A54C-4477-44F8-8DA4-6C18C2C9FFC0} = {7AB9AE2E-9F55-4449-A48F-2C16DA0F556D}
		{48E5EC59-4DE1-4F0E-80CB-C958D29A8C3F} = {7AB9AE2E-9F55-4449-A48F-2C16DA0F556D}
		{7A2CC876-A64C-4812-8161-3704EF86FB85} = {48E5EC59-4DE1-4F0E-80CB-C958D29A8C3F}
		{62A05090-9503-45EC-9FE0-4D43A2331111} = {6600A54C-4477-44F8-8DA4-6C18C2C9FFC0}
	EndGlobalSection
	GlobalSection(ExtensibilityGlobals) = postSolution
		SolutionGuid = {FE39B01D-3311-41F0-97EC-C260F92A794D}
	EndGlobalSection
EndGlobal
